
Microsoft Visual Studio Solution File, Format Version 12.00
# Visual Studio Version 16
VisualStudioVersion = 16.0.31424.327
MinimumVisualStudioVersion = 10.0.40219.1
Project("{FAE04EC0-301F-11D3-BF4B-00C04F79EFBC}") = "RageQuit", "RageQuit\RageQuit.csproj", "{C06731DF-357A-4059-A1B8-E983A0A53F43}"
EndProject
Global
	GlobalSection(SolutionConfigurationPlatforms) = preSolution
		Debug|Any CPU = Debug|Any CPU
		Release|Any CPU = Release|Any CPU
	EndGlobalSection
	GlobalSection(ProjectConfigurationPlatforms) = postSolution
		{C06731DF-357A-4059-A1B8-E983A0A53F43}.Debug|Any CPU.ActiveCfg = Debug|Any CPU
		{C06731DF-357A-4059-A1B8-E983A0A53F43}.Debug|Any CPU.Build.0 = Debug|Any CPU
		{C06731DF-357A-4059-A1B8-E983A0A53F43}.Release|Any CPU.ActiveCfg = Release|Any CPU
		{C06731DF-357A-4059-A1B8-E983A0A53F43}.Release|Any CPU.Build.0 = Release|Any CPU
	EndGlobalSection
	GlobalSection(SolutionProperties) = preSolution
		HideSolutionNode = FALSE
	EndGlobalSection
	GlobalSection(ExtensibilityGlobals) = postSolution
		SolutionGuid = {47AFDCB5-F068-4360-A189-865898639539}
	EndGlobalSection
EndGlobal
